<?xml version="1.0" encoding="utf-8"?>
<Project ToolsVersion="4.0" xmlns="http://schemas.microsoft.com/developer/msbuild/2003">
  <ItemGroup>
    <Filter Include="Source Files">
      <UniqueIdentifier>{4FC737F1-C7A5-4376-A066-2A32D752A2FF}</UniqueIdentifier>
      <Extensions>cpp;c;cc;cxx;c++;cppm;ixx;def;odl;idl;hpj;bat;asm;asmx</Extensions>
    </Filter>
    <Filter Include="Header Files">
      <UniqueIdentifier>{93995380-89BD-4b04-88EB-625FBE52EBFB}</UniqueIdentifier>
      <Extensions>h;hh;hpp;hxx;h++;hm;inl;inc;ipp;xsd</Extensions>
    </Filter>
    <Filter Include="Resource Files">
      <UniqueIdentifier>{67DA6AB6-F800-4c08-8B7A-83BB121AAD01}</UniqueIdentifier>
      <Extensions>rc;ico;cur;bmp;dlg;rc2;rct;bin;rgs;gif;jpg;jpeg;jpe;resx;tiff;tif;png;wav;mfcribbon-ms</Extensions>
    </Filter>
  </ItemGroup>
  <ItemGroup>
    <ClCompile Include="modules\PGUI.ixx">
      <Filter>Source Files</Filter>
    </ClCompile>
    <ClCompile Include="src\PGUI.cpp">
      <Filter>Source Files</Filter>
    </ClCompile>
    <ClCompile Include="modules\WindowClass.ixx">
      <Filter>Source Files</Filter>
    </ClCompile>
    <ClCompile Include="src\WindowClass.cpp">
      <Filter>Source Files</Filter>
    </ClCompile>
    <ClCompile Include="modules\Shape2D\Shape2D.ixx">
      <Filter>Source Files</Filter>
    </ClCompile>
    <ClCompile Include="modules\Window.ixx">
      <Filter>Source Files</Filter>
    </ClCompile>
    <ClCompile Include="src\Window.cpp">
      <Filter>Source Files</Filter>
    </ClCompile>
    <ClCompile Include="modules\Shape2D\Rect.ixx">
      <Filter>Source Files</Filter>
    </ClCompile>
    <ClCompile Include="modules\Shape2D\Point.ixx">
      <Filter>Source Files</Filter>
    </ClCompile>
    <ClCompile Include="modules\Shape2D\RoundedRect.ixx">
      <Filter>Source Files</Filter>
    </ClCompile>
    <ClCompile Include="modules\Shape2D\Size.ixx">
      <Filter>Source Files</Filter>
    </ClCompile>
    <ClCompile Include="modules\Shape2D\Ellipse.ixx">
      <Filter>Source Files</Filter>
    </ClCompile>
    <ClCompile Include="modules\UI\Color.ixx">
      <Filter>Source Files</Filter>
    </ClCompile>
    <ClCompile Include="modules\UI\UI.ixx">
      <Filter>Source Files</Filter>
    </ClCompile>
    <ClCompile Include="src\UI\Color.cpp">
      <Filter>Source Files</Filter>
    </ClCompile>
    <ClCompile Include="modules\Utils\Utils.ixx">
      <Filter>Source Files</Filter>
    </ClCompile>
    <ClCompile Include="src\Utils\Utils.cpp">
      <Filter>Source Files</Filter>
    </ClCompile>
    <ClCompile Include="modules\MessageLoop.ixx">
      <Filter>Source Files</Filter>
    </ClCompile>
    <ClCompile Include="src\MessageLoop.cpp">
      <Filter>Source Files</Filter>
    </ClCompile>
    <ClCompile Include="modules\Event.ixx">
      <Filter>Source Files</Filter>
    </ClCompile>
    <ClCompile Include="modules\ComPtr.ixx">
      <Filter>Source Files</Filter>
    </ClCompile>
    <ClCompile Include="modules\Exceptions.ixx">
      <Filter>Source Files</Filter>
    </ClCompile>
    <ClCompile Include="modules\Utils\WindowsUtils.ixx">
      <Filter>Source Files</Filter>
    </ClCompile>
    <ClCompile Include="src\Utils\WindowsUtils.cpp">
      <Filter>Source Files</Filter>
    </ClCompile>
    <ClCompile Include="modules\Utils\StringUtils.ixx">
      <Filter>Source Files</Filter>
    </ClCompile>
    <ClCompile Include="src\Utils\StringUtils.cpp">
      <Filter>Source Files</Filter>
    </ClCompile>
    <ClCompile Include="modules\Logging.ixx">
      <Filter>Source Files</Filter>
    </ClCompile>
    <ClCompile Include="modules\Factories\Factories.ixx">
      <Filter>Source Files</Filter>
    </ClCompile>
    <ClCompile Include="modules\Factories\D2DFactory.ixx">
      <Filter>Source Files</Filter>
    </ClCompile>
    <ClCompile Include="modules\Factories\DXGIFactory.ixx">
      <Filter>Source Files</Filter>
    </ClCompile>
    <ClCompile Include="modules\Utils\ArithmeticUtils.ixx">
      <Filter>Source Files</Filter>
    </ClCompile>
    <ClCompile Include="src\Utils\ArithmeticUtils.cpp">
      <Filter>Source Files</Filter>
    </ClCompile>
    <ClCompile Include="modules\EnumFlag.ixx">
      <Filter>Source Files</Filter>
    </ClCompile>
    <ClCompile Include="modules\UI\DirectXCompositionWindow.ixx">
      <Filter>Source Files</Filter>
    </ClCompile>
    <ClCompile Include="src\UI\DirectXCompositionWindow.cpp">
      <Filter>Source Files</Filter>
    </ClCompile>
    <ClCompile Include="modules\UI\D2D\RenderTarget.ixx">
      <Filter>Source Files</Filter>
    </ClCompile>
    <ClCompile Include="modules\UI\Colors.ixx">
      <Filter>Source Files</Filter>
    </ClCompile>
    <ClCompile Include="modules\UI\Gradient.ixx">
      <Filter>Source Files</Filter>
    </ClCompile>
    <ClCompile Include="src\UI\Gradient.cpp">
      <Filter>Source Files</Filter>
    </ClCompile>
    <ClCompile Include="modules\UI\Brush.ixx">
      <Filter>Source Files</Filter>
    </ClCompile>
    <ClCompile Include="src\UI\Brush.cpp">
      <Filter>Source Files</Filter>
    </ClCompile>
    <ClCompile Include="modules\UI\Clip.ixx">
      <Filter>Source Files</Filter>
    </ClCompile>
    <ClCompile Include="src\UI\Clip.cpp">
      <Filter>Source Files</Filter>
    </ClCompile>
    <ClCompile Include="modules\Factories\DWriteFactory.ixx">
      <Filter>Source Files</Filter>
    </ClCompile>
    <ClCompile Include="modules\UI\TextFormat.ixx">
      <Filter>Source Files</Filter>
    </ClCompile>
    <ClCompile Include="modules\UI\Font\Font.ixx">
      <Filter>Source Files</Filter>
    </ClCompile>
    <ClCompile Include="modules\UI\Font\FontCollection.ixx">
      <Filter>Source Files</Filter>
    </ClCompile>
    <ClCompile Include="modules\UI\Font\FontFamily.ixx">
      <Filter>Source Files</Filter>
    </ClCompile>
    <ClCompile Include="modules\UI\Font\FontSet.ixx">
      <Filter>Source Files</Filter>
    </ClCompile>
    <ClCompile Include="src\UI\Font\FontCollection.cpp">
      <Filter>Source Files</Filter>
    </ClCompile>
    <ClCompile Include="modules\UI\Font\LocalizedStrings.ixx">
      <Filter>Source Files</Filter>
    </ClCompile>
    <ClCompile Include="src\UI\Font\LocalizedStrings.cpp">
      <Filter>Source Files</Filter>
    </ClCompile>
    <ClCompile Include="src\UI\Font\FontFamily.cpp">
      <Filter>Source Files</Filter>
    </ClCompile>
    <ClCompile Include="src\UI\Font\FontSet.cpp">
      <Filter>Source Files</Filter>
    </ClCompile>
    <ClCompile Include="modules\UI\Font\FontEnums.ixx">
      <Filter>Source Files</Filter>
    </ClCompile>
    <ClCompile Include="modules\UI\Font\FontStructs.ixx">
      <Filter>Source Files</Filter>
    </ClCompile>
    <ClCompile Include="src\UI\TextFormat.cpp">
      <Filter>Source Files</Filter>
    </ClCompile>
    <ClCompile Include="modules\UI\TextLayout.ixx">
      <Filter>Source Files</Filter>
    </ClCompile>
    <ClCompile Include="src\UI\TextLayout.cpp">
      <Filter>Source Files</Filter>
    </ClCompile>
    <ClCompile Include="modules\UI\D2D\D2DEnums.ixx">
      <Filter>Source Files</Filter>
    </ClCompile>
    <ClCompile Include="modules\UI\D2D\D2DStructs.ixx">
      <Filter>Source Files</Filter>
    </ClCompile>
    <ClCompile Include="modules\UI\Graphics.ixx">
      <Filter>Source Files</Filter>
    </ClCompile>
    <ClCompile Include="src\UI\Graphics.cpp">
      <Filter>Source Files</Filter>
    </ClCompile>
    <ClCompile Include="modules\Shape2D\LineSegment.ixx">
      <Filter>Source Files</Filter>
    </ClCompile>
    <ClCompile Include="modules\Shape2D\Line.ixx">
      <Filter>Source Files</Filter>
    </ClCompile>
    <ClCompile Include="modules\Factories\WICFactory.ixx">
      <Filter>Source Files</Filter>
    </ClCompile>
    <ClCompile Include="modules\UI\Imaging\BitmapSource.ixx">
      <Filter>Source Files</Filter>
    </ClCompile>
    <ClCompile Include="modules\UI\Imaging\Imaging.ixx">
      <Filter>Source Files</Filter>
    </ClCompile>
    <ClCompile Include="modules\UI\Imaging\WICBitmap.ixx">
      <Filter>Source Files</Filter>
    </ClCompile>
    <ClCompile Include="src\UI\Imaging\WICBitmap.cpp">
      <Filter>Source Files</Filter>
    </ClCompile>
    <ClCompile Include="modules\UI\Imaging\Palette.ixx">
      <Filter>Source Files</Filter>
    </ClCompile>
    <ClCompile Include="src\UI\Imaging\Palette.cpp">
      <Filter>Source Files</Filter>
    </ClCompile>
    <ClCompile Include="modules\UI\Imaging\BitmapDecoder.ixx">
      <Filter>Source Files</Filter>
    </ClCompile>
    <ClCompile Include="src\UI\Imaging\BitmapDecoder.cpp">
      <Filter>Source Files</Filter>
    </ClCompile>
    <ClCompile Include="modules\UI\Imaging\BimapFrameDecode.ixx">
      <Filter>Source Files</Filter>
    </ClCompile>
    <ClCompile Include="src\UI\Imaging\BimapFrameDecode.cpp">
      <Filter>Source Files</Filter>
    </ClCompile>
    <ClCompile Include="modules\PropVariant.ixx">
      <Filter>Source Files</Filter>
    </ClCompile>
    <ClCompile Include="src\PropVariant.cpp">
      <Filter>Source Files</Filter>
    </ClCompile>
    <ClCompile Include="modules\UI\Imaging\MetadataReader.ixx">
      <Filter>Source Files</Filter>
    </ClCompile>
    <ClCompile Include="modules\UI\Imaging\ContainerFormats.ixx">
      <Filter>Source Files</Filter>
    </ClCompile>
    <ClCompile Include="src\UI\Imaging\MetadataReader.cpp">
      <Filter>Source Files</Filter>
    </ClCompile>
    <ClCompile Include="modules\IEnumStringIterator.ixx">
      <Filter>Source Files</Filter>
    </ClCompile>
    <ClCompile Include="src\Utils\IEnumStringIterator.cpp">
      <Filter>Source Files</Filter>
    </ClCompile>
    <ClCompile Include="modules\UI\Imaging\FormatConverter.ixx">
      <Filter>Source Files</Filter>
    </ClCompile>
    <ClCompile Include="src\UI\Imaging\FormatConverter.cpp">
      <Filter>Source Files</Filter>
    </ClCompile>
    <ClCompile Include="modules\UI\D2D\D2DImage.ixx">
      <Filter>Source Files</Filter>
    </ClCompile>
    <ClCompile Include="modules\UI\D2D\D2DBitmap.ixx">
      <Filter>Source Files</Filter>
    </ClCompile>
    <ClCompile Include="modules\UI\D2D\D2D.ixx">
      <Filter>Source Files</Filter>
    </ClCompile>
    <ClCompile Include="src\UI\D2D\D2DBitmap.cpp">
      <Filter>Source Files</Filter>
    </ClCompile>
    <ClCompile Include="modules\UI\D2D\BitmapRenderTarget.ixx">
      <Filter>Source Files</Filter>
    </ClCompile>
    <ClCompile Include="modules\UI\AppWindow.ixx">
      <Filter>Source Files</Filter>
    </ClCompile>
    <ClCompile Include="src\UI\AppWindow.cpp">
      <Filter>Source Files</Filter>
    </ClCompile>
    <ClCompile Include="modules\UI\D2D\Geometry\D2DGeometry.ixx">
      <Filter>Source Files</Filter>
    </ClCompile>
    <ClCompile Include="modules\UI\D2D\Geometry\D2DRectangleGeometry.ixx">
      <Filter>Source Files</Filter>
    </ClCompile>
    <ClCompile Include="modules\UI\D2D\Geometry\D2DRoundedRectangleGeometry.ixx">
      <Filter>Source Files</Filter>
    </ClCompile>
    <ClCompile Include="modules\UI\D2D\Geometry\D2DEllipseGeometry.ixx">
      <Filter>Source Files</Filter>
    </ClCompile>
    <ClCompile Include="modules\UI\D2D\Geometry\Geometry.ixx">
      <Filter>Source Files</Filter>
    </ClCompile>
    <ClCompile Include="modules\UI\D2D\Geometry\D2DPathGeometry.ixx">
      <Filter>Source Files</Filter>
    </ClCompile>
    <ClCompile Include="modules\UI\D2D\Geometry\SimplifiedGeometrySink.ixx">
      <Filter>Source Files</Filter>
    </ClCompile>
    <ClCompile Include="modules\UI\D2D\Geometry\GeometrySink.ixx">
      <Filter>Source Files</Filter>
    </ClCompile>
    <ClCompile Include="src\UI\D2D\Geometry\D2DPathGeometry.cpp">
      <Filter>Source Files</Filter>
    </ClCompile>
    <ClCompile Include="modules\UI\D2D\Geometry\D2DLayer.ixx">
      <Filter>Source Files</Filter>
    </ClCompile>
    <ClCompile Include="modules\UI\UIComponent.ixx">
      <Filter>Source Files</Filter>
    </ClCompile>
    <ClCompile Include="src\UI\UIComponent.cpp">
      <Filter>Source Files</Filter>
    </ClCompile>
    <ClCompile Include="modules\UI\Theming\Theme.ixx">
      <Filter>Source Files</Filter>
    </ClCompile>
    <ClCompile Include="modules\UI\Theming\Styles.ixx">
      <Filter>Source Files</Filter>
    </ClCompile>
    <ClCompile Include="modules\UI\Theming\SystemTheme.ixx">
      <Filter>Source Files</Filter>
    </ClCompile>
    <ClCompile Include="modules\UI\Theming\Theming.ixx">
      <Filter>Source Files</Filter>
    </ClCompile>
    <ClCompile Include="src\UI\Theming\SystemTheme.cpp">
      <Filter>Source Files</Filter>
    </ClCompile>
    <ClCompile Include="modules\UI\Theming\ThemeAware.ixx">
      <Filter>Source Files</Filter>
    </ClCompile>
    <ClCompile Include="modules\UI\Animation\Animation.ixx">
      <Filter>Source Files</Filter>
    </ClCompile>
    <ClCompile Include="modules\UI\Animation\AnimationManager.ixx">
      <Filter>Source Files</Filter>
    </ClCompile>
    <ClCompile Include="modules\Property.ixx">
      <Filter>Source Files</Filter>
    </ClCompile>
    <ClCompile Include="src\UI\Theming\Theme.cpp">
      <Filter>Source Files</Filter>
    </ClCompile>
    <ClCompile Include="modules\UI\Imaging\WICBitmapLock.ixx">
      <Filter>Source Files</Filter>
    </ClCompile>
    <ClCompile Include="src\UI\Imaging\WICBitmapLock.cpp">
      <Filter>Source Files</Filter>
    </ClCompile>
    <ClCompile Include="modules\UI\D2D\DeviceContext.ixx">
      <Filter>Source Files</Filter>
    </ClCompile>
    <ClCompile Include="modules\UI\D2D\D2DProperties.ixx">
      <Filter>Source Files</Filter>
    </ClCompile>
    <ClCompile Include="modules\UI\D2D\Effect.ixx">
      <Filter>Source Files</Filter>
    </ClCompile>
    <ClCompile Include="src\UI\D2D\D2DProperties.cpp">
      <Filter>Source Files</Filter>
    </ClCompile>
    <ClCompile Include="src\UI\D2D\Effect.cpp">
      <Filter>Source Files</Filter>
    </ClCompile>
    <ClCompile Include="src\UI\Animation\AnimationManager.cpp">
      <Filter>Source Files</Filter>
    </ClCompile>
    <ClCompile Include="modules\UI\Animation\Storyboard.ixx">
      <Filter>Source Files</Filter>
    </ClCompile>
    <ClCompile Include="modules\UI\Animation\AnimationTimer.ixx">
      <Filter>Source Files</Filter>
    </ClCompile>
    <ClCompile Include="modules\UI\Animation\AnimationTransitionLibrary.ixx">
      <Filter>Source Files</Filter>
    </ClCompile>
    <ClCompile Include="src\UI\Animation\AnimationTimer.cpp">
      <Filter>Source Files</Filter>
    </ClCompile>
    <ClCompile Include="modules\UI\Animation\AnimationTransition.ixx">
      <Filter>Source Files</Filter>
    </ClCompile>
    <ClCompile Include="src\UI\Animation\AnimationTransition.cpp">
      <Filter>Source Files</Filter>
    </ClCompile>
    <ClCompile Include="src\UI\Animation\AnimationTransitionLibrary.cpp">
      <Filter>Source Files</Filter>
    </ClCompile>
    <ClCompile Include="src\UI\Animation\Storyboard.cpp">
      <Filter>Source Files</Filter>
    </ClCompile>
    <ClCompile Include="modules\UI\Animation\AnimationVariable.ixx">
      <Filter>Source Files</Filter>
    </ClCompile>
    <ClCompile Include="src\UI\Animation\AnimationVariable.cpp">
      <Filter>Source Files</Filter>
    </ClCompile>
    <ClCompile Include="src\UI\Animation\AnimationManagerEventHandler.cpp">
      <Filter>Source Files</Filter>
    </ClCompile>
    <ClCompile Include="modules\UI\Animation\AnimationManagerEventHandler.ixx">
      <Filter>Source Files</Filter>
    </ClCompile>
    <ClCompile Include="modules\UI\Animation\AnimationEnums.ixx">
      <Filter>Source Files</Filter>
    </ClCompile>
    <ClCompile Include="modules\UI\Animation\AnimationStoryboardEventHandler.ixx">
      <Filter>Source Files</Filter>
    </ClCompile>
    <ClCompile Include="src\UI\Animation\AnimationStoryboardEventHandler.cpp">
      <Filter>Source Files</Filter>
    </ClCompile>
    <ClCompile Include="modules\UI\Animation\AnimationVariableChangeEventHandler.ixx">
      <Filter>Source Files</Filter>
    </ClCompile>
    <ClCompile Include="src\UI\Animation\AnimationVariableChangeEventHandler.cpp">
      <Filter>Source Files</Filter>
    </ClCompile>
  </ItemGroup>
</Project>